
Microsoft Visual Studio Solution File, Format Version 12.00
# Visual Studio 2012
Project("{FAE04EC0-301F-11D3-BF4B-00C04F79EFBC}") = "Tests", "Tests\Tests.csproj", "{4A5706A0-137F-4E42-A1CB-0AD4E69DECB0}"
EndProject
Project("{FAE04EC0-301F-11D3-BF4B-00C04F79EFBC}") = "OpenRasta.Xix", "OpenRasta.Xix\OpenRasta.Xix.csproj", "{1A036725-50C2-4D1B-9D76-DFA4F7177B0D}"
EndProject
Global
	GlobalSection(SolutionConfigurationPlatforms) = preSolution
		Debug|Any CPU = Debug|Any CPU
		Release|Any CPU = Release|Any CPU
	EndGlobalSection
	GlobalSection(ProjectConfigurationPlatforms) = postSolution
		{4A5706A0-137F-4E42-A1CB-0AD4E69DECB0}.Debug|Any CPU.ActiveCfg = Debug|Any CPU
		{4A5706A0-137F-4E42-A1CB-0AD4E69DECB0}.Debug|Any CPU.Build.0 = Debug|Any CPU
		{4A5706A0-137F-4E42-A1CB-0AD4E69DECB0}.Release|Any CPU.ActiveCfg = Release|Any CPU
		{4A5706A0-137F-4E42-A1CB-0AD4E69DECB0}.Release|Any CPU.Build.0 = Release|Any CPU
		{1A036725-50C2-4D1B-9D76-DFA4F7177B0D}.Debug|Any CPU.ActiveCfg = Debug|Any CPU
		{1A036725-50C2-4D1B-9D76-DFA4F7177B0D}.Debug|Any CPU.Build.0 = Debug|Any CPU
		{1A036725-50C2-4D1B-9D76-DFA4F7177B0D}.Release|Any CPU.ActiveCfg = Release|Any CPU
		{1A036725-50C2-4D1B-9D76-DFA4F7177B0D}.Release|Any CPU.Build.0 = Release|Any CPU
	EndGlobalSection
	GlobalSection(SolutionProperties) = preSolution
		HideSolutionNode = FALSE
	EndGlobalSection
EndGlobal
